
Microsoft Visual Studio Solution File, Format Version 12.00
# Visual Studio Version 16
VisualStudioVersion = 16.0.30011.22
MinimumVisualStudioVersion = 10.0.40219.1
Project("{FAE04EC0-301F-11D3-BF4B-00C04F79EFBC}") = "StringLetterCounting", "StringLetterCounting\StringLetterCounting.csproj", "{1834FB48-A4DC-4C06-ADAB-69F8E9DC9D8F}"
EndProject
Global
	GlobalSection(SolutionConfigurationPlatforms) = preSolution
		Debug|Any CPU = Debug|Any CPU
		Release|Any CPU = Release|Any CPU
	EndGlobalSection
	GlobalSection(ProjectConfigurationPlatforms) = postSolution
		{1834FB48-A4DC-4C06-ADAB-69F8E9DC9D8F}.Debug|Any CPU.ActiveCfg = Debug|Any CPU
		{1834FB48-A4DC-4C06-ADAB-69F8E9DC9D8F}.Debug|Any CPU.Build.0 = Debug|Any CPU
		{1834FB48-A4DC-4C06-ADAB-69F8E9DC9D8F}.Release|Any CPU.ActiveCfg = Release|Any CPU
		{1834FB48-A4DC-4C06-ADAB-69F8E9DC9D8F}.Release|Any CPU.Build.0 = Release|Any CPU
	EndGlobalSection
	GlobalSection(SolutionProperties) = preSolution
		HideSolutionNode = FALSE
	EndGlobalSection
	GlobalSection(ExtensibilityGlobals) = postSolution
		SolutionGuid = {E41D305E-F56D-4868-99C5-0261C6DAE347}
	EndGlobalSection
EndGlobal
